
Microsoft Visual Studio Solution File, Format Version 12.00
# Visual Studio Version 17
VisualStudioVersion = 17.0.31903.59
MinimumVisualStudioVersion = 10.0.40219.1
Project("{2150E333-8FDC-42A3-9474-1A3956D46DE8}") = "src", "src", "{827E0CD3-B72D-47B6-A68D-7590B98EB39B}"
EndProject
Project("{FAE04EC0-301F-11D3-BF4B-00C04F79EFBC}") = "Dilcore.MongoDB.Abstractions", "src\Dilcore.MongoDB.Abstractions\Dilcore.MongoDB.Abstractions.csproj", "{D18FA8EA-7E62-4C56-91A0-98069A521182}"
EndProject
Project("{FAE04EC0-301F-11D3-BF4B-00C04F79EFBC}") = "Dilcore.MongoDB", "src\Dilcore.MongoDB\Dilcore.MongoDB.csproj", "{F739D67E-FA48-4BB1-90E1-47549F630B8F}"
EndProject
Project("{2150E333-8FDC-42A3-9474-1A3956D46DE8}") = "test", "test", "{0C88DD14-F956-CE84-757C-A364CCF449FC}"
EndProject
Project("{2150E333-8FDC-42A3-9474-1A3956D46DE8}") = "UnitTests", "UnitTests", "{AFAE3F01-5C40-22B5-606D-A848A5891B0A}"
EndProject
Project("{FAE04EC0-301F-11D3-BF4B-00C04F79EFBC}") = "Dilcore.MongoDB.UnitTests", "test\UnitTests\Dilcore.MongoDB.UnitTests.csproj", "{09323525-0D02-415D-BEBD-2FE38281B69F}"
EndProject
Project("{2150E333-8FDC-42A3-9474-1A3956D46DE8}") = "IntegrationTests", "IntegrationTests", "{334EB2CC-8F21-7CBA-1333-4C64D82C9F9A}"
EndProject
Project("{FAE04EC0-301F-11D3-BF4B-00C04F79EFBC}") = "Dilcore.MongoDB.IntegrationTests", "test\IntegrationTests\Dilcore.MongoDB.IntegrationTests.csproj", "{D6231EC8-6C81-4005-AE25-663CCC1ABFBD}"
EndProject
Project("{2150E333-8FDC-42A3-9474-1A3956D46DE8}") = "Repositories.IntegrationTests", "Repositories.IntegrationTests", "{7A4E648D-156B-7388-A81F-2AFF0E0B4270}"
EndProject
Project("{FAE04EC0-301F-11D3-BF4B-00C04F79EFBC}") = "Dilcore.MongoDB.Repositories.IntegrationTests", "test\Repositories.IntegrationTests\Dilcore.MongoDB.Repositories.IntegrationTests.csproj", "{8593F4DC-0156-47CF-BB90-1E35B2726166}"
EndProject
Project("{2150E333-8FDC-42A3-9474-1A3956D46DE8}") = "ArchitectureTests", "ArchitectureTests", "{F48A9F05-D3C3-4D5F-81DF-E9F1D356713F}"
EndProject
Project("{FAE04EC0-301F-11D3-BF4B-00C04F79EFBC}") = "Dilcore.MongoDB.ArchitectureTests", "test\ArchitectureTests\Dilcore.MongoDB.ArchitectureTests.csproj", "{8E3A9C28-3A07-407F-8DE5-8772D03D19EA}"
EndProject
Project("{2150E333-8FDC-42A3-9474-1A3956D46DE8}") = "samples", "samples", "{5D20AA90-6969-D8BD-9DCD-8634F4692FDA}"
EndProject
Project("{FAE04EC0-301F-11D3-BF4B-00C04F79EFBC}") = "MongoDb.WebApi.Sample", "samples\MongoDb.WebApi.Sample\MongoDb.WebApi.Sample.csproj", "{4FEF58E8-1E3F-4552-92A5-D6671BBCAEE4}"
EndProject
Project("{2150E333-8FDC-42A3-9474-1A3956D46DE8}") = "benchmarks", "benchmarks", "{66320409-64EC-F7C5-3DEF-65E7510DAAD1}"
EndProject
Project("{FAE04EC0-301F-11D3-BF4B-00C04F79EFBC}") = "Dilcore.MongoDB.Benchmarks", "test\Benchmarks\Dilcore.MongoDB.Benchmarks\Dilcore.MongoDB.Benchmarks.csproj", "{AD42E8AE-9C12-45A7-892F-C939C04746C8}"
EndProject
Global
	GlobalSection(SolutionConfigurationPlatforms) = preSolution
		Debug|Any CPU = Debug|Any CPU
		Debug|x64 = Debug|x64
		Debug|x86 = Debug|x86
		Release|Any CPU = Release|Any CPU
		Release|x64 = Release|x64
		Release|x86 = Release|x86
	EndGlobalSection
	GlobalSection(ProjectConfigurationPlatforms) = postSolution
		{D18FA8EA-7E62-4C56-91A0-98069A521182}.Debug|Any CPU.ActiveCfg = Debug|Any CPU
		{D18FA8EA-7E62-4C56-91A0-98069A521182}.Debug|Any CPU.Build.0 = Debug|Any CPU
		{D18FA8EA-7E62-4C56-91A0-98069A521182}.Debug|x64.ActiveCfg = Debug|Any CPU
		{D18FA8EA-7E62-4C56-91A0-98069A521182}.Debug|x64.Build.0 = Debug|Any CPU
		{D18FA8EA-7E62-4C56-91A0-98069A521182}.Debug|x86.ActiveCfg = Debug|Any CPU
		{D18FA8EA-7E62-4C56-91A0-98069A521182}.Debug|x86.Build.0 = Debug|Any CPU
		{D18FA8EA-7E62-4C56-91A0-98069A521182}.Release|Any CPU.ActiveCfg = Release|Any CPU
		{D18FA8EA-7E62-4C56-91A0-98069A521182}.Release|Any CPU.Build.0 = Release|Any CPU
		{D18FA8EA-7E62-4C56-91A0-98069A521182}.Release|x64.ActiveCfg = Release|Any CPU
		{D18FA8EA-7E62-4C56-91A0-98069A521182}.Release|x64.Build.0 = Release|Any CPU
		{D18FA8EA-7E62-4C56-91A0-98069A521182}.Release|x86.ActiveCfg = Release|Any CPU
		{D18FA8EA-7E62-4C56-91A0-98069A521182}.Release|x86.Build.0 = Release|Any CPU
		{F739D67E-FA48-4BB1-90E1-47549F630B8F}.Debug|Any CPU.ActiveCfg = Debug|Any CPU
		{F739D67E-FA48-4BB1-90E1-47549F630B8F}.Debug|Any CPU.Build.0 = Debug|Any CPU
		{F739D67E-FA48-4BB1-90E1-47549F630B8F}.Debug|x64.ActiveCfg = Debug|Any CPU
		{F739D67E-FA48-4BB1-90E1-47549F630B8F}.Debug|x64.Build.0 = Debug|Any CPU
		{F739D67E-FA48-4BB1-90E1-47549F630B8F}.Debug|x86.ActiveCfg = Debug|Any CPU
		{F739D67E-FA48-4BB1-90E1-47549F630B8F}.Debug|x86.Build.0 = Debug|Any CPU
		{F739D67E-FA48-4BB1-90E1-47549F630B8F}.Release|Any CPU.ActiveCfg = Release|Any CPU
		{F739D67E-FA48-4BB1-90E1-47549F630B8F}.Release|Any CPU.Build.0 = Release|Any CPU
		{F739D67E-FA48-4BB1-90E1-47549F630B8F}.Release|x64.ActiveCfg = Release|Any CPU
		{F739D67E-FA48-4BB1-90E1-47549F630B8F}.Release|x64.Build.0 = Release|Any CPU
		{F739D67E-FA48-4BB1-90E1-47549F630B8F}.Release|x86.ActiveCfg = Release|Any CPU
		{F739D67E-FA48-4BB1-90E1-47549F630B8F}.Release|x86.Build.0 = Release|Any CPU
		{09323525-0D02-415D-BEBD-2FE38281B69F}.Debug|Any CPU.ActiveCfg = Debug|Any CPU
		{09323525-0D02-415D-BEBD-2FE38281B69F}.Debug|Any CPU.Build.0 = Debug|Any CPU
		{09323525-0D02-415D-BEBD-2FE38281B69F}.Debug|x64.ActiveCfg = Debug|Any CPU
		{09323525-0D02-415D-BEBD-2FE38281B69F}.Debug|x64.Build.0 = Debug|Any CPU
		{09323525-0D02-415D-BEBD-2FE38281B69F}.Debug|x86.ActiveCfg = Debug|Any CPU
		{09323525-0D02-415D-BEBD-2FE38281B69F}.Debug|x86.Build.0 = Debug|Any CPU
		{09323525-0D02-415D-BEBD-2FE38281B69F}.Release|Any CPU.ActiveCfg = Release|Any CPU
		{09323525-0D02-415D-BEBD-2FE38281B69F}.Release|Any CPU.Build.0 = Release|Any CPU
		{09323525-0D02-415D-BEBD-2FE38281B69F}.Release|x64.ActiveCfg = Release|Any CPU
		{09323525-0D02-415D-BEBD-2FE38281B69F}.Release|x64.Build.0 = Release|Any CPU
		{09323525-0D02-415D-BEBD-2FE38281B69F}.Release|x86.ActiveCfg = Release|Any CPU
		{09323525-0D02-415D-BEBD-2FE38281B69F}.Release|x86.Build.0 = Release|Any CPU
		{D6231EC8-6C81-4005-AE25-663CCC1ABFBD}.Debug|Any CPU.ActiveCfg = Debug|Any CPU
		{D6231EC8-6C81-4005-AE25-663CCC1ABFBD}.Debug|Any CPU.Build.0 = Debug|Any CPU
		{D6231EC8-6C81-4005-AE25-663CCC1ABFBD}.Debug|x64.ActiveCfg = Debug|Any CPU
		{D6231EC8-6C81-4005-AE25-663CCC1ABFBD}.Debug|x64.Build.0 = Debug|Any CPU
		{D6231EC8-6C81-4005-AE25-663CCC1ABFBD}.Debug|x86.ActiveCfg = Debug|Any CPU
		{D6231EC8-6C81-4005-AE25-663CCC1ABFBD}.Debug|x86.Build.0 = Debug|Any CPU
		{D6231EC8-6C81-4005-AE25-663CCC1ABFBD}.Release|Any CPU.ActiveCfg = Release|Any CPU
		{D6231EC8-6C81-4005-AE25-663CCC1ABFBD}.Release|Any CPU.Build.0 = Release|Any CPU
		{D6231EC8-6C81-4005-AE25-663CCC1ABFBD}.Release|x64.ActiveCfg = Release|Any CPU
		{D6231EC8-6C81-4005-AE25-663CCC1ABFBD}.Release|x64.Build.0 = Release|Any CPU
		{D6231EC8-6C81-4005-AE25-663CCC1ABFBD}.Release|x86.ActiveCfg = Release|Any CPU
		{D6231EC8-6C81-4005-AE25-663CCC1ABFBD}.Release|x86.Build.0 = Release|Any CPU
		{8593F4DC-0156-47CF-BB90-1E35B2726166}.Debug|Any CPU.ActiveCfg = Debug|Any CPU
		{8593F4DC-0156-47CF-BB90-1E35B2726166}.Debug|Any CPU.Build.0 = Debug|Any CPU
		{8593F4DC-0156-47CF-BB90-1E35B2726166}.Debug|x64.ActiveCfg = Debug|Any CPU
		{8593F4DC-0156-47CF-BB90-1E35B2726166}.Debug|x64.Build.0 = Debug|Any CPU
		{8593F4DC-0156-47CF-BB90-1E35B2726166}.Debug|x86.ActiveCfg = Debug|Any CPU
		{8593F4DC-0156-47CF-BB90-1E35B2726166}.Debug|x86.Build.0 = Debug|Any CPU
		{8593F4DC-0156-47CF-BB90-1E35B2726166}.Release|Any CPU.ActiveCfg = Release|Any CPU
		{8593F4DC-0156-47CF-BB90-1E35B2726166}.Release|Any CPU.Build.0 = Release|Any CPU
		{8593F4DC-0156-47CF-BB90-1E35B2726166}.Release|x64.ActiveCfg = Release|Any CPU
		{8593F4DC-0156-47CF-BB90-1E35B2726166}.Release|x64.Build.0 = Release|Any CPU
		{8593F4DC-0156-47CF-BB90-1E35B2726166}.Release|x86.ActiveCfg = Release|Any CPU
		{8593F4DC-0156-47CF-BB90-1E35B2726166}.Release|x86.Build.0 = Release|Any CPU
		{8E3A9C28-3A07-407F-8DE5-8772D03D19EA}.Debug|Any CPU.ActiveCfg = Debug|Any CPU
		{8E3A9C28-3A07-407F-8DE5-8772D03D19EA}.Debug|Any CPU.Build.0 = Debug|Any CPU
		{8E3A9C28-3A07-407F-8DE5-8772D03D19EA}.Debug|x64.ActiveCfg = Debug|Any CPU
		{8E3A9C28-3A07-407F-8DE5-8772D03D19EA}.Debug|x64.Build.0 = Debug|Any CPU
		{8E3A9C28-3A07-407F-8DE5-8772D03D19EA}.Debug|x86.ActiveCfg = Debug|Any CPU
		{8E3A9C28-3A07-407F-8DE5-8772D03D19EA}.Debug|x86.Build.0 = Debug|Any CPU
		{8E3A9C28-3A07-407F-8DE5-8772D03D19EA}.Release|Any CPU.ActiveCfg = Release|Any CPU
		{8E3A9C28-3A07-407F-8DE5-8772D03D19EA}.Release|Any CPU.Build.0 = Release|Any CPU
		{8E3A9C28-3A07-407F-8DE5-8772D03D19EA}.Release|x64.ActiveCfg = Release|Any CPU
		{8E3A9C28-3A07-407F-8DE5-8772D03D19EA}.Release|x64.Build.0 = Release|Any CPU
		{8E3A9C28-3A07-407F-8DE5-8772D03D19EA}.Release|x86.ActiveCfg = Release|Any CPU
		{8E3A9C28-3A07-407F-8DE5-8772D03D19EA}.Release|x86.Build.0 = Release|Any CPU
		{4FEF58E8-1E3F-4552-92A5-D6671BBCAEE4}.Debug|Any CPU.ActiveCfg = Debug|Any CPU
		{4FEF58E8-1E3F-4552-92A5-D6671BBCAEE4}.Debug|Any CPU.Build.0 = Debug|Any CPU
		{4FEF58E8-1E3F-4552-92A5-D6671BBCAEE4}.Debug|x64.ActiveCfg = Debug|Any CPU
		{4FEF58E8-1E3F-4552-92A5-D6671BBCAEE4}.Debug|x64.Build.0 = Debug|Any CPU
		{4FEF58E8-1E3F-4552-92A5-D6671BBCAEE4}.Debug|x86.ActiveCfg = Debug|Any CPU
		{4FEF58E8-1E3F-4552-92A5-D6671BBCAEE4}.Debug|x86.Build.0 = Debug|Any CPU
		{4FEF58E8-1E3F-4552-92A5-D6671BBCAEE4}.Release|Any CPU.ActiveCfg = Release|Any CPU
		{4FEF58E8-1E3F-4552-92A5-D6671BBCAEE4}.Release|Any CPU.Build.0 = Release|Any CPU
		{4FEF58E8-1E3F-4552-92A5-D6671BBCAEE4}.Release|x64.ActiveCfg = Release|Any CPU
		{4FEF58E8-1E3F-4552-92A5-D6671BBCAEE4}.Release|x64.Build.0 = Release|Any CPU
		{4FEF58E8-1E3F-4552-92A5-D6671BBCAEE4}.Release|x86.ActiveCfg = Release|Any CPU
		{4FEF58E8-1E3F-4552-92A5-D6671BBCAEE4}.Release|x86.Build.0 = Release|Any CPU
		{AD42E8AE-9C12-45A7-892F-C939C04746C8}.Debug|Any CPU.ActiveCfg = Debug|Any CPU
		{AD42E8AE-9C12-45A7-892F-C939C04746C8}.Debug|Any CPU.Build.0 = Debug|Any CPU
		{AD42E8AE-9C12-45A7-892F-C939C04746C8}.Debug|x64.ActiveCfg = Debug|Any CPU
		{AD42E8AE-9C12-45A7-892F-C939C04746C8}.Debug|x64.Build.0 = Debug|Any CPU
		{AD42E8AE-9C12-45A7-892F-C939C04746C8}.Debug|x86.ActiveCfg = Debug|Any CPU
		{AD42E8AE-9C12-45A7-892F-C939C04746C8}.Debug|x86.Build.0 = Debug|Any CPU
		{AD42E8AE-9C12-45A7-892F-C939C04746C8}.Release|Any CPU.ActiveCfg = Release|Any CPU
		{AD42E8AE-9C12-45A7-892F-C939C04746C8}.Release|Any CPU.Build.0 = Release|Any CPU
		{AD42E8AE-9C12-45A7-892F-C939C04746C8}.Release|x64.ActiveCfg = Release|Any CPU
		{AD42E8AE-9C12-45A7-892F-C939C04746C8}.Release|x64.Build.0 = Release|Any CPU
		{AD42E8AE-9C12-45A7-892F-C939C04746C8}.Release|x86.ActiveCfg = Release|Any CPU
		{AD42E8AE-9C12-45A7-892F-C939C04746C8}.Release|x86.Build.0 = Release|Any CPU
	EndGlobalSection
	GlobalSection(SolutionProperties) = preSolution
		HideSolutionNode = FALSE
	EndGlobalSection
	GlobalSection(NestedProjects) = preSolution
		{D18FA8EA-7E62-4C56-91A0-98069A521182} = {827E0CD3-B72D-47B6-A68D-7590B98EB39B}
		{F739D67E-FA48-4BB1-90E1-47549F630B8F} = {827E0CD3-B72D-47B6-A68D-7590B98EB39B}
		{AFAE3F01-5C40-22B5-606D-A848A5891B0A} = {0C88DD14-F956-CE84-757C-A364CCF449FC}
		{09323525-0D02-415D-BEBD-2FE38281B69F} = {AFAE3F01-5C40-22B5-606D-A848A5891B0A}
		{334EB2CC-8F21-7CBA-1333-4C64D82C9F9A} = {0C88DD14-F956-CE84-757C-A364CCF449FC}
		{D6231EC8-6C81-4005-AE25-663CCC1ABFBD} = {334EB2CC-8F21-7CBA-1333-4C64D82C9F9A}
		{7A4E648D-156B-7388-A81F-2AFF0E0B4270} = {0C88DD14-F956-CE84-757C-A364CCF449FC}
		{8593F4DC-0156-47CF-BB90-1E35B2726166} = {7A4E648D-156B-7388-A81F-2AFF0E0B4270}
		{F48A9F05-D3C3-4D5F-81DF-E9F1D356713F} = {0C88DD14-F956-CE84-757C-A364CCF449FC}
		{8E3A9C28-3A07-407F-8DE5-8772D03D19EA} = {F48A9F05-D3C3-4D5F-81DF-E9F1D356713F}
		{4FEF58E8-1E3F-4552-92A5-D6671BBCAEE4} = {5D20AA90-6969-D8BD-9DCD-8634F4692FDA}
		{AD42E8AE-9C12-45A7-892F-C939C04746C8} = {66320409-64EC-F7C5-3DEF-65E7510DAAD1}
	EndGlobalSection
EndGlobal
